
Microsoft Visual Studio Solution File, Format Version 12.00
# Visual Studio Version 17
VisualStudioVersion = 17.4.33110.190
MinimumVisualStudioVersion = 10.0.40219.1
Project("{FAE04EC0-301F-11D3-BF4B-00C04F79EFBC}") = "Lab4", "Lab4\Lab4.csproj", "{87480345-7705-439E-8E51-4E4B58691A0D}"
EndProject
Global
	GlobalSection(SolutionConfigurationPlatforms) = preSolution
		Debug|Any CPU = Debug|Any CPU
		Release|Any CPU = Release|Any CPU
	EndGlobalSection
	GlobalSection(ProjectConfigurationPlatforms) = postSolution
		{87480345-7705-439E-8E51-4E4B58691A0D}.Debug|Any CPU.ActiveCfg = Debug|Any CPU
		{87480345-7705-439E-8E51-4E4B58691A0D}.Debug|Any CPU.Build.0 = Debug|Any CPU
		{87480345-7705-439E-8E51-4E4B58691A0D}.Release|Any CPU.ActiveCfg = Release|Any CPU
		{87480345-7705-439E-8E51-4E4B58691A0D}.Release|Any CPU.Build.0 = Release|Any CPU
	EndGlobalSection
	GlobalSection(SolutionProperties) = preSolution
		HideSolutionNode = FALSE
	EndGlobalSection
	GlobalSection(ExtensibilityGlobals) = postSolution
		SolutionGuid = {79A182D7-3839-4664-90E9-4F520EFEE965}
	EndGlobalSection
EndGlobal
