
Microsoft Visual Studio Solution File, Format Version 12.00
# Visual Studio Version 17
VisualStudioVersion = 17.4.33110.190
MinimumVisualStudioVersion = 10.0.40219.1
Project("{FAE04EC0-301F-11D3-BF4B-00C04F79EFBC}") = "Lab2", "Lab2\Lab2.csproj", "{63AC7A88-AF19-4356-B311-F552FCF5AD6D}"
EndProject
Global
	GlobalSection(SolutionConfigurationPlatforms) = preSolution
		Debug|Any CPU = Debug|Any CPU
		Release|Any CPU = Release|Any CPU
	EndGlobalSection
	GlobalSection(ProjectConfigurationPlatforms) = postSolution
		{63AC7A88-AF19-4356-B311-F552FCF5AD6D}.Debug|Any CPU.ActiveCfg = Debug|Any CPU
		{63AC7A88-AF19-4356-B311-F552FCF5AD6D}.Debug|Any CPU.Build.0 = Debug|Any CPU
		{63AC7A88-AF19-4356-B311-F552FCF5AD6D}.Release|Any CPU.ActiveCfg = Release|Any CPU
		{63AC7A88-AF19-4356-B311-F552FCF5AD6D}.Release|Any CPU.Build.0 = Release|Any CPU
	EndGlobalSection
	GlobalSection(SolutionProperties) = preSolution
		HideSolutionNode = FALSE
	EndGlobalSection
	GlobalSection(ExtensibilityGlobals) = postSolution
		SolutionGuid = {B9A9E67E-7B0E-4CFC-AF98-93CF0EE4C8FA}
	EndGlobalSection
EndGlobal
